// !$*UTF8*$!
{
	archiveVersion = 1;
	classes = {
	};
	objectVersion = 50;
	objects = {

/* Begin PBXBuildFile section */
		4E192F51259135510058F2F5 /* AppDelegate.swift in Sources */ = {isa = PBXBuildFile; fileRef = 4E192F50259135510058F2F5 /* AppDelegate.swift */; };
		4E192F53259135510058F2F5 /* SceneDelegate.swift in Sources */ = {isa = PBXBuildFile; fileRef = 4E192F52259135510058F2F5 /* SceneDelegate.swift */; };
		4E192F55259135510058F2F5 /* ViewController.swift in Sources */ = {isa = PBXBuildFile; fileRef = 4E192F54259135510058F2F5 /* ViewController.swift */; };
		4E192F58259135510058F2F5 /* Main.storyboard in Resources */ = {isa = PBXBuildFile; fileRef = 4E192F56259135510058F2F5 /* Main.storyboard */; };
		4E192F5A259135580058F2F5 /* Assets.xcassets in Resources */ = {isa = PBXBuildFile; fileRef = 4E192F59259135580058F2F5 /* Assets.xcassets */; };
		4E192F5D259135590058F2F5 /* LaunchScreen.storyboard in Resources */ = {isa = PBXBuildFile; fileRef = 4E192F5B259135590058F2F5 /* LaunchScreen.storyboard */; };
		4E192F68259135590058F2F5 /* QuizzlerTests.swift in Sources */ = {isa = PBXBuildFile; fileRef = 4E192F67259135590058F2F5 /* QuizzlerTests.swift */; };
		4E192F73259135590058F2F5 /* QuizzlerUITests.swift in Sources */ = {isa = PBXBuildFile; fileRef = 4E192F72259135590058F2F5 /* QuizzlerUITests.swift */; };
		4E50FB60259375AE001771C4 /* QuestionLoader.swift in Sources */ = {isa = PBXBuildFile; fileRef = 4E50FB5F259375AE001771C4 /* QuestionLoader.swift */; };
		4E50FB65259376FE001771C4 /* Question.swift in Sources */ = {isa = PBXBuildFile; fileRef = 4E50FB64259376FE001771C4 /* Question.swift */; };
		4E50FB6A25938353001771C4 /* mydata.json in Resources */ = {isa = PBXBuildFile; fileRef = 4E50FB6925938353001771C4 /* mydata.json */; };
/* End PBXBuildFile section */

/* Begin PBXContainerItemProxy section */
		4E192F64259135590058F2F5 /* PBXContainerItemProxy */ = {
			isa = PBXContainerItemProxy;
			containerPortal = 4E192F45259135510058F2F5 /* Project object */;
			proxyType = 1;
			remoteGlobalIDString = 4E192F4C259135510058F2F5;
			remoteInfo = Quizzler;
		};
		4E192F6F259135590058F2F5 /* PBXContainerItemProxy */ = {
			isa = PBXContainerItemProxy;
			containerPortal = 4E192F45259135510058F2F5 /* Project object */;
			proxyType = 1;
			remoteGlobalIDString = 4E192F4C259135510058F2F5;
			remoteInfo = Quizzler;
		};
/* End PBXContainerItemProxy section */

/* Begin PBXFileReference section */
		4E192F4D259135510058F2F5 /* Quizzler.app */ = {isa = PBXFileReference; explicitFileType = wrapper.application; includeInIndex = 0; path = Quizzler.app; sourceTree = BUILT_PRODUCTS_DIR; };
		4E192F50259135510058F2F5 /* AppDelegate.swift */ = {isa = PBXFileReference; lastKnownFileType = sourcecode.swift; path = AppDelegate.swift; sourceTree = "<group>"; };
		4E192F52259135510058F2F5 /* SceneDelegate.swift */ = {isa = PBXFileReference; lastKnownFileType = sourcecode.swift; path = SceneDelegate.swift; sourceTree = "<group>"; };
		4E192F54259135510058F2F5 /* ViewController.swift */ = {isa = PBXFileReference; lastKnownFileType = sourcecode.swift; path = ViewController.swift; sourceTree = "<group>"; };
		4E192F57259135510058F2F5 /* Base */ = {isa = PBXFileReference; lastKnownFileType = file.storyboard; name = Base; path = Base.lproj/Main.storyboard; sourceTree = "<group>"; };
		4E192F59259135580058F2F5 /* Assets.xcassets */ = {isa = PBXFileReference; lastKnownFileType = folder.assetcatalog; path = Assets.xcassets; sourceTree = "<group>"; };
		4E192F5C259135590058F2F5 /* Base */ = {isa = PBXFileReference; lastKnownFileType = file.storyboard; name = Base; path = Base.lproj/LaunchScreen.storyboard; sourceTree = "<group>"; };
		4E192F5E259135590058F2F5 /* Info.plist */ = {isa = PBXFileReference; lastKnownFileType = text.plist.xml; path = Info.plist; sourceTree = "<group>"; };
		4E192F63259135590058F2F5 /* QuizzlerTests.xctest */ = {isa = PBXFileReference; explicitFileType = wrapper.cfbundle; includeInIndex = 0; path = QuizzlerTests.xctest; sourceTree = BUILT_PRODUCTS_DIR; };
		4E192F67259135590058F2F5 /* QuizzlerTests.swift */ = {isa = PBXFileReference; lastKnownFileType = sourcecode.swift; path = QuizzlerTests.swift; sourceTree = "<group>"; };
		4E192F69259135590058F2F5 /* Info.plist */ = {isa = PBXFileReference; lastKnownFileType = text.plist.xml; path = Info.plist; sourceTree = "<group>"; };
		4E192F6E259135590058F2F5 /* QuizzlerUITests.xctest */ = {isa = PBXFileReference; explicitFileType = wrapper.cfbundle; includeInIndex = 0; path = QuizzlerUITests.xctest; sourceTree = BUILT_PRODUCTS_DIR; };
		4E192F72259135590058F2F5 /* QuizzlerUITests.swift */ = {isa = PBXFileReference; lastKnownFileType = sourcecode.swift; path = QuizzlerUITests.swift; sourceTree = "<group>"; };
		4E192F74259135590058F2F5 /* Info.plist */ = {isa = PBXFileReference; lastKnownFileType = text.plist.xml; path = Info.plist; sourceTree = "<group>"; };
		4E50FB5F259375AE001771C4 /* QuestionLoader.swift */ = {isa = PBXFileReference; lastKnownFileType = sourcecode.swift; path = QuestionLoader.swift; sourceTree = "<group>"; };
		4E50FB64259376FE001771C4 /* Question.swift */ = {isa = PBXFileReference; lastKnownFileType = sourcecode.swift; path = Question.swift; sourceTree = "<group>"; };
		4E50FB6925938353001771C4 /* mydata.json */ = {isa = PBXFileReference; fileEncoding = 4; lastKnownFileType = text.json; path = mydata.json; sourceTree = "<group>"; };
/* End PBXFileReference section */

/* Begin PBXFrameworksBuildPhase section */
		4E192F4A259135510058F2F5 /* Frameworks */ = {
			isa = PBXFrameworksBuildPhase;
			buildActionMask = 2147483647;
			files = (
			);
			runOnlyForDeploymentPostprocessing = 0;
		};
		4E192F60259135590058F2F5 /* Frameworks */ = {
			isa = PBXFrameworksBuildPhase;
			buildActionMask = 2147483647;
			files = (
			);
			runOnlyForDeploymentPostprocessing = 0;
		};
		4E192F6B259135590058F2F5 /* Frameworks */ = {
			isa = PBXFrameworksBuildPhase;
			buildActionMask = 2147483647;
			files = (
			);
			runOnlyForDeploymentPostprocessing = 0;
		};
/* End PBXFrameworksBuildPhase section */

/* Begin PBXGroup section */
		4E192F44259135510058F2F5 = {
			isa = PBXGroup;
			children = (
				4E192F4F259135510058F2F5 /* Quizzler */,
				4E192F66259135590058F2F5 /* QuizzlerTests */,
				4E192F71259135590058F2F5 /* QuizzlerUITests */,
				4E192F4E259135510058F2F5 /* Products */,
			);
			sourceTree = "<group>";
		};
		4E192F4E259135510058F2F5 /* Products */ = {
			isa = PBXGroup;
			children = (
				4E192F4D259135510058F2F5 /* Quizzler.app */,
				4E192F63259135590058F2F5 /* QuizzlerTests.xctest */,
				4E192F6E259135590058F2F5 /* QuizzlerUITests.xctest */,
			);
			name = Products;
			sourceTree = "<group>";
		};
		4E192F4F259135510058F2F5 /* Quizzler */ = {
			isa = PBXGroup;
			children = (
				4E192F50259135510058F2F5 /* AppDelegate.swift */,
				4E192F52259135510058F2F5 /* SceneDelegate.swift */,
				4E192F59259135580058F2F5 /* Assets.xcassets */,
				4E192F5B259135590058F2F5 /* LaunchScreen.storyboard */,
				4E192F5E259135590058F2F5 /* Info.plist */,
				4E50FB732594C6C3001771C4 /* View */,
				4E50FB722594C690001771C4 /* Controller */,
				4E50FB712594C664001771C4 /* Model */,
			);
			path = Quizzler;
			sourceTree = "<group>";
		};
		4E192F66259135590058F2F5 /* QuizzlerTests */ = {
			isa = PBXGroup;
			children = (
				4E192F67259135590058F2F5 /* QuizzlerTests.swift */,
				4E192F69259135590058F2F5 /* Info.plist */,
			);
			path = QuizzlerTests;
			sourceTree = "<group>";
		};
		4E192F71259135590058F2F5 /* QuizzlerUITests */ = {
			isa = PBXGroup;
			children = (
				4E192F72259135590058F2F5 /* QuizzlerUITests.swift */,
				4E192F74259135590058F2F5 /* Info.plist */,
			);
			path = QuizzlerUITests;
			sourceTree = "<group>";
		};
		4E50FB712594C664001771C4 /* Model */ = {
			isa = PBXGroup;
			children = (
				4E50FB6925938353001771C4 /* mydata.json */,
				4E50FB5F259375AE001771C4 /* QuestionLoader.swift */,
				4E50FB64259376FE001771C4 /* Question.swift */,
			);
			path = Model;
			sourceTree = "<group>";
		};
		4E50FB722594C690001771C4 /* Controller */ = {
			isa = PBXGroup;
			children = (
				4E192F54259135510058F2F5 /* ViewController.swift */,
			);
			path = Controller;
			sourceTree = "<group>";
		};
		4E50FB732594C6C3001771C4 /* View */ = {
			isa = PBXGroup;
			children = (
				4E192F56259135510058F2F5 /* Main.storyboard */,
			);
			path = View;
			sourceTree = "<group>";
		};
/* End PBXGroup section */

/* Begin PBXNativeTarget section */
		4E192F4C259135510058F2F5 /* Quizzler */ = {
			isa = PBXNativeTarget;
			buildConfigurationList = 4E192F77259135590058F2F5 /* Build configuration list for PBXNativeTarget "Quizzler" */;
			buildPhases = (
				4E192F49259135510058F2F5 /* Sources */,
				4E192F4A259135510058F2F5 /* Frameworks */,
				4E192F4B259135510058F2F5 /* Resources */,
			);
			buildRules = (
			);
			dependencies = (
			);
			name = Quizzler;
			productName = Quizzler;
			productReference = 4E192F4D259135510058F2F5 /* Quizzler.app */;
			productType = "com.apple.product-type.application";
		};
		4E192F62259135590058F2F5 /* QuizzlerTests */ = {
			isa = PBXNativeTarget;
			buildConfigurationList = 4E192F7A259135590058F2F5 /* Build configuration list for PBXNativeTarget "QuizzlerTests" */;
			buildPhases = (
				4E192F5F259135590058F2F5 /* Sources */,
				4E192F60259135590058F2F5 /* Frameworks */,
				4E192F61259135590058F2F5 /* Resources */,
			);
			buildRules = (
			);
			dependencies = (
				4E192F65259135590058F2F5 /* PBXTargetDependency */,
			);
			name = QuizzlerTests;
			productName = QuizzlerTests;
			productReference = 4E192F63259135590058F2F5 /* QuizzlerTests.xctest */;
			productType = "com.apple.product-type.bundle.unit-test";
		};
		4E192F6D259135590058F2F5 /* QuizzlerUITests */ = {
			isa = PBXNativeTarget;
			buildConfigurationList = 4E192F7D259135590058F2F5 /* Build configuration list for PBXNativeTarget "QuizzlerUITests" */;
			buildPhases = (
				4E192F6A259135590058F2F5 /* Sources */,
				4E192F6B259135590058F2F5 /* Frameworks */,
				4E192F6C259135590058F2F5 /* Resources */,
			);
			buildRules = (
			);
			dependencies = (
				4E192F70259135590058F2F5 /* PBXTargetDependency */,
			);
			name = QuizzlerUITests;
			productName = QuizzlerUITests;
			productReference = 4E192F6E259135590058F2F5 /* QuizzlerUITests.xctest */;
			productType = "com.apple.product-type.bundle.ui-testing";
		};
/* End PBXNativeTarget section */

/* Begin PBXProject section */
		4E192F45259135510058F2F5 /* Project object */ = {
			isa = PBXProject;
			attributes = {
				LastSwiftUpdateCheck = 1220;
				LastUpgradeCheck = 1220;
				TargetAttributes = {
					4E192F4C259135510058F2F5 = {
						CreatedOnToolsVersion = 12.2;
					};
					4E192F62259135590058F2F5 = {
						CreatedOnToolsVersion = 12.2;
						TestTargetID = 4E192F4C259135510058F2F5;
					};
					4E192F6D259135590058F2F5 = {
						CreatedOnToolsVersion = 12.2;
						TestTargetID = 4E192F4C259135510058F2F5;
					};
				};
			};
			buildConfigurationList = 4E192F48259135510058F2F5 /* Build configuration list for PBXProject "Quizzler" */;
			compatibilityVersion = "Xcode 9.3";
			developmentRegion = en;
			hasScannedForEncodings = 0;
			knownRegions = (
				en,
				Base,
			);
			mainGroup = 4E192F44259135510058F2F5;
			productRefGroup = 4E192F4E259135510058F2F5 /* Products */;
			projectDirPath = "";
			projectRoot = "";
			targets = (
				4E192F4C259135510058F2F5 /* Quizzler */,
				4E192F62259135590058F2F5 /* QuizzlerTests */,
				4E192F6D259135590058F2F5 /* QuizzlerUITests */,
			);
		};
/* End PBXProject section */

/* Begin PBXResourcesBuildPhase section */
		4E192F4B259135510058F2F5 /* Resources */ = {
			isa = PBXResourcesBuildPhase;
			buildActionMask = 2147483647;
			files = (
				4E192F5D259135590058F2F5 /* LaunchScreen.storyboard in Resources */,
				4E192F5A259135580058F2F5 /* Assets.xcassets in Resources */,
				4E192F58259135510058F2F5 /* Main.storyboard in Resources */,
				4E50FB6A25938353001771C4 /* mydata.json in Resources */,
			);
			runOnlyForDeploymentPostprocessing = 0;
		};
		4E192F61259135590058F2F5 /* Resources */ = {
			isa = PBXResourcesBuildPhase;
			buildActionMask = 2147483647;
			files = (
			);
			runOnlyForDeploymentPostprocessing = 0;
		};
		4E192F6C259135590058F2F5 /* Resources */ = {
			isa = PBXResourcesBuildPhase;
			buildActionMask = 2147483647;
			files = (
			);
			runOnlyForDeploymentPostprocessing = 0;
		};
/* End PBXResourcesBuildPhase section */

/* Begin PBXSourcesBuildPhase section */
		4E192F49259135510058F2F5 /* Sources */ = {
			isa = PBXSourcesBuildPhase;
			buildActionMask = 2147483647;
			files = (
				4E50FB65259376FE001771C4 /* Question.swift in Sources */,
				4E192F55259135510058F2F5 /* ViewController.swift in Sources */,
				4E192F51259135510058F2F5 /* AppDelegate.swift in Sources */,
				4E50FB60259375AE001771C4 /* QuestionLoader.swift in Sources */,
				4E192F53259135510058F2F5 /* SceneDelegate.swift in Sources */,
			);
			runOnlyForDeploymentPostprocessing = 0;
		};
		4E192F5F259135590058F2F5 /* Sources */ = {
			isa = PBXSourcesBuildPhase;
			buildActionMask = 2147483647;
			files = (
				4E192F68259135590058F2F5 /* QuizzlerTests.swift in Sources */,
			);
			runOnlyForDeploymentPostprocessing = 0;
		};
		4E192F6A259135590058F2F5 /* Sources */ = {
			isa = PBXSourcesBuildPhase;
			buildActionMask = 2147483647;
			files = (
				4E192F73259135590058F2F5 /* QuizzlerUITests.swift in Sources */,
			);
			runOnlyForDeploymentPostprocessing = 0;
		};
/* End PBXSourcesBuildPhase section */

/* Begin PBXTargetDependency section */
		4E192F65259135590058F2F5 /* PBXTargetDependency */ = {
			isa = PBXTargetDependency;
			target = 4E192F4C259135510058F2F5 /* Quizzler */;
			targetProxy = 4E192F64259135590058F2F5 /* PBXContainerItemProxy */;
		};
		4E192F70259135590058F2F5 /* PBXTargetDependency */ = {
			isa = PBXTargetDependency;
			target = 4E192F4C259135510058F2F5 /* Quizzler */;
			targetProxy = 4E192F6F259135590058F2F5 /* PBXContainerItemProxy */;
		};
/* End PBXTargetDependency section */

/* Begin PBXVariantGroup section */
		4E192F56259135510058F2F5 /* Main.storyboard */ = {
			isa = PBXVariantGroup;
			children = (
				4E192F57259135510058F2F5 /* Base */,
			);
			name = Main.storyboard;
			sourceTree = "<group>";
		};
		4E192F5B259135590058F2F5 /* LaunchScreen.storyboard */ = {
			isa = PBXVariantGroup;
			children = (
				4E192F5C259135590058F2F5 /* Base */,
			);
			name = LaunchScreen.storyboard;
			sourceTree = "<group>";
		};
/* End PBXVariantGroup section */

/* Begin XCBuildConfiguration section */
		4E192F75259135590058F2F5 /* Debug */ = {
			isa = XCBuildConfiguration;
			buildSettings = {
				ALWAYS_SEARCH_USER_PATHS = NO;
				CLANG_ANALYZER_NONNULL = YES;
				CLANG_ANALYZER_NUMBER_OBJECT_CONVERSION = YES_AGGRESSIVE;
				CLANG_CXX_LANGUAGE_STANDARD = "gnu++14";
				CLANG_CXX_LIBRARY = "libc++";
				CLANG_ENABLE_MODULES = YES;
				CLANG_ENABLE_OBJC_ARC = YES;
				CLANG_ENABLE_OBJC_WEAK = YES;
				CLANG_WARN_BLOCK_CAPTURE_AUTORELEASING = YES;
				CLANG_WARN_BOOL_CONVERSION = YES;
				CLANG_WARN_COMMA = YES;
				CLANG_WARN_CONSTANT_CONVERSION = YES;
				CLANG_WARN_DEPRECATED_OBJC_IMPLEMENTATIONS = YES;
				CLANG_WARN_DIRECT_OBJC_ISA_USAGE = YES_ERROR;
				CLANG_WARN_DOCUMENTATION_COMMENTS = YES;
				CLANG_WARN_EMPTY_BODY = YES;
				CLANG_WARN_ENUM_CONVERSION = YES;
				CLANG_WARN_INFINITE_RECURSION = YES;
				CLANG_WARN_INT_CONVERSION = YES;
				CLANG_WARN_NON_LITERAL_NULL_CONVERSION = YES;
				CLANG_WARN_OBJC_IMPLICIT_RETAIN_SELF = YES;
				CLANG_WARN_OBJC_LITERAL_CONVERSION = YES;
				CLANG_WARN_OBJC_ROOT_CLASS = YES_ERROR;
				CLANG_WARN_QUOTED_INCLUDE_IN_FRAMEWORK_HEADER = YES;
				CLANG_WARN_RANGE_LOOP_ANALYSIS = YES;
				CLANG_WARN_STRICT_PROTOTYPES = YES;
				CLANG_WARN_SUSPICIOUS_MOVE = YES;
				CLANG_WARN_UNGUARDED_AVAILABILITY = YES_AGGRESSIVE;
				CLANG_WARN_UNREACHABLE_CODE = YES;
				CLANG_WARN__DUPLICATE_METHOD_MATCH = YES;
				COPY_PHASE_STRIP = NO;
				DEBUG_INFORMATION_FORMAT = dwarf;
				ENABLE_STRICT_OBJC_MSGSEND = YES;
				ENABLE_TESTABILITY = YES;
				GCC_C_LANGUAGE_STANDARD = gnu11;
				GCC_DYNAMIC_NO_PIC = NO;
				GCC_NO_COMMON_BLOCKS = YES;
				GCC_OPTIMIZATION_LEVEL = 0;
				GCC_PREPROCESSOR_DEFINITIONS = (
					"DEBUG=1",
					"$(inherited)",
				);
				GCC_WARN_64_TO_32_BIT_CONVERSION = YES;
				GCC_WARN_ABOUT_RETURN_TYPE = YES_ERROR;
				GCC_WARN_UNDECLARED_SELECTOR = YES;
				GCC_WARN_UNINITIALIZED_AUTOS = YES_AGGRESSIVE;
				GCC_WARN_UNUSED_FUNCTION = YES;
				GCC_WARN_UNUSED_VARIABLE = YES;
				IPHONEOS_DEPLOYMENT_TARGET = 14.2;
				MTL_ENABLE_DEBUG_INFO = INCLUDE_SOURCE;
				MTL_FAST_MATH = YES;
				ONLY_ACTIVE_ARCH = YES;
				SDKROOT = iphoneos;
				SWIFT_ACTIVE_COMPILATION_CONDITIONS = DEBUG;
				SWIFT_OPTIMIZATION_LEVEL = "-Onone";
			};
			name = Debug;
		};
		4E192F76259135590058F2F5 /* Release */ = {
			isa = XCBuildConfiguration;
			buildSettings = {
				ALWAYS_SEARCH_USER_PATHS = NO;
				CLANG_ANALYZER_NONNULL = YES;
				CLANG_ANALYZER_NUMBER_OBJECT_CONVERSION = YES_AGGRESSIVE;
				CLANG_CXX_LANGUAGE_STANDARD = "gnu++14";
				CLANG_CXX_LIBRARY = "libc++";
				CLANG_ENABLE_MODULES = YES;
				CLANG_ENABLE_OBJC_ARC = YES;
				CLANG_ENABLE_OBJC_WEAK = YES;
				CLANG_WARN_BLOCK_CAPTURE_AUTORELEASING = YES;
				CLANG_WARN_BOOL_CONVERSION = YES;
				CLANG_WARN_COMMA = YES;
				CLANG_WARN_CONSTANT_CONVERSION = YES;
				CLANG_WARN_DEPRECATED_OBJC_IMPLEMENTATIONS = YES;
				CLANG_WARN_DIRECT_OBJC_ISA_USAGE = YES_ERROR;
				CLANG_WARN_DOCUMENTATION_COMMENTS = YES;
				CLANG_WARN_EMPTY_BODY = YES;
				CLANG_WARN_ENUM_CONVERSION = YES;
				CLANG_WARN_INFINITE_RECURSION = YES;
				CLANG_WARN_INT_CONVERSION = YES;
				CLANG_WARN_NON_LITERAL_NULL_CONVERSION = YES;
				CLANG_WARN_OBJC_IMPLICIT_RETAIN_SELF = YES;
				CLANG_WARN_OBJC_LITERAL_CONVERSION = YES;
				CLANG_WARN_OBJC_ROOT_CLASS = YES_ERROR;
				CLANG_WARN_QUOTED_INCLUDE_IN_FRAMEWORK_HEADER = YES;
				CLANG_WARN_RANGE_LOOP_ANALYSIS = YES;
				CLANG_WARN_STRICT_PROTOTYPES = YES;
				CLANG_WARN_SUSPICIOUS_MOVE = YES;
				CLANG_WARN_UNGUARDED_AVAILABILITY = YES_AGGRESSIVE;
				CLANG_WARN_UNREACHABLE_CODE = YES;
				CLANG_WARN__DUPLICATE_METHOD_MATCH = YES;
				COPY_PHASE_STRIP = NO;
				DEBUG_INFORMATION_FORMAT = "dwarf-with-dsym";
				ENABLE_NS_ASSERTIONS = NO;
				ENABLE_STRICT_OBJC_MSGSEND = YES;
				GCC_C_LANGUAGE_STANDARD = gnu11;
				GCC_NO_COMMON_BLOCKS = YES;
				GCC_WARN_64_TO_32_BIT_CONVERSION = YES;
				GCC_WARN_ABOUT_RETURN_TYPE = YES_ERROR;
				GCC_WARN_UNDECLARED_SELECTOR = YES;
				GCC_WARN_UNINITIALIZED_AUTOS = YES_AGGRESSIVE;
				GCC_WARN_UNUSED_FUNCTION = YES;
				GCC_WARN_UNUSED_VARIABLE = YES;
				IPHONEOS_DEPLOYMENT_TARGET = 14.2;
				MTL_ENABLE_DEBUG_INFO = NO;
				MTL_FAST_MATH = YES;
				SDKROOT = iphoneos;
				SWIFT_COMPILATION_MODE = wholemodule;
				SWIFT_OPTIMIZATION_LEVEL = "-O";
				VALIDATE_PRODUCT = YES;
			};
			name = Release;
		};
		4E192F78259135590058F2F5 /* Debug */ = {
			isa = XCBuildConfiguration;
			buildSettings = {
				ASSETCATALOG_COMPILER_APPICON_NAME = AppIcon;
				ASSETCATALOG_COMPILER_GLOBAL_ACCENT_COLOR_NAME = AccentColor;
				CODE_SIGN_STYLE = Automatic;
				DEVELOPMENT_TEAM = V7GM8G5V55;
				INFOPLIST_FILE = Quizzler/Info.plist;
				LD_RUNPATH_SEARCH_PATHS = (
					"$(inherited)",
					"@executable_path/Frameworks",
				);
				PRODUCT_BUNDLE_IDENTIFIER = com.joaovictoripiraja.Quizzler;
				PRODUCT_NAME = "$(TARGET_NAME)";
				SWIFT_VERSION = 5.0;
				TARGETED_DEVICE_FAMILY = "1,2";
			};
			name = Debug;
		};
		4E192F79259135590058F2F5 /* Release */ = {
			isa = XCBuildConfiguration;
			buildSettings = {
				ASSETCATALOG_COMPILER_APPICON_NAME = AppIcon;
				ASSETCATALOG_COMPILER_GLOBAL_ACCENT_COLOR_NAME = AccentColor;
				CODE_SIGN_STYLE = Automatic;
				DEVELOPMENT_TEAM = V7GM8G5V55;
				INFOPLIST_FILE = Quizzler/Info.plist;
				LD_RUNPATH_SEARCH_PATHS = (
					"$(inherited)",
					"@executable_path/Frameworks",
				);
				PRODUCT_BUNDLE_IDENTIFIER = com.joaovictoripiraja.Quizzler;
				PRODUCT_NAME = "$(TARGET_NAME)";
				SWIFT_VERSION = 5.0;
				TARGETED_DEVICE_FAMILY = "1,2";
			};
			name = Release;
		};
		4E192F7B259135590058F2F5 /* Debug */ = {
			isa = XCBuildConfiguration;
			buildSettings = {
				ALWAYS_EMBED_SWIFT_STANDARD_LIBRARIES = YES;
				BUNDLE_LOADER = "$(TEST_HOST)";
				CODE_SIGN_STYLE = Automatic;
				DEVELOPMENT_TEAM = V7GM8G5V55;
				INFOPLIST_FILE = QuizzlerTests/Info.plist;
				IPHONEOS_DEPLOYMENT_TARGET = 14.2;
				LD_RUNPATH_SEARCH_PATHS = (
					"$(inherited)",
					"@executable_path/Frameworks",
					"@loader_path/Frameworks",
				);
				PRODUCT_BUNDLE_IDENTIFIER = com.joaovictoripiraja.QuizzlerTests;
				PRODUCT_NAME = "$(TARGET_NAME)";
				SWIFT_VERSION = 5.0;
				TARGETED_DEVICE_FAMILY = "1,2";
				TEST_HOST = "$(BUILT_PRODUCTS_DIR)/Quizzler.app/Quizzler";
			};
			name = Debug;
		};
		4E192F7C259135590058F2F5 /* Release */ = {
			isa = XCBuildConfiguration;
			buildSettings = {
				ALWAYS_EMBED_SWIFT_STANDARD_LIBRARIES = YES;
				BUNDLE_LOADER = "$(TEST_HOST)";
				CODE_SIGN_STYLE = Automatic;
				DEVELOPMENT_TEAM = V7GM8G5V55;
				INFOPLIST_FILE = QuizzlerTests/Info.plist;
				IPHONEOS_DEPLOYMENT_TARGET = 14.2;
				LD_RUNPATH_SEARCH_PATHS = (
					"$(inherited)",
					"@executable_path/Frameworks",
					"@loader_path/Frameworks",
				);
				PRODUCT_BUNDLE_IDENTIFIER = com.joaovictoripiraja.QuizzlerTests;
				PRODUCT_NAME = "$(TARGET_NAME)";
				SWIFT_VERSION = 5.0;
				TARGETED_DEVICE_FAMILY = "1,2";
				TEST_HOST = "$(BUILT_PRODUCTS_DIR)/Quizzler.app/Quizzler";
			};
			name = Release;
		};
		4E192F7E259135590058F2F5 /* Debug */ = {
			isa = XCBuildConfiguration;
			buildSettings = {
				ALWAYS_EMBED_SWIFT_STANDARD_LIBRARIES = YES;
				CODE_SIGN_STYLE = Automatic;
				DEVELOPMENT_TEAM = V7GM8G5V55;
				INFOPLIST_FILE = QuizzlerUITests/Info.plist;
				LD_RUNPATH_SEARCH_PATHS = (
					"$(inherited)",
					"@executable_path/Frameworks",
					"@loader_path/Frameworks",
				);
				PRODUCT_BUNDLE_IDENTIFIER = com.joaovictoripiraja.QuizzlerUITests;
				PRODUCT_NAME = "$(TARGET_NAME)";
				SWIFT_VERSION = 5.0;
				TARGETED_DEVICE_FAMILY = "1,2";
				TEST_TARGET_NAME = Quizzler;
			};
			name = Debug;
		};
		4E192F7F259135590058F2F5 /* Release */ = {
			isa = XCBuildConfiguration;
			buildSettings = {
				ALWAYS_EMBED_SWIFT_STANDARD_LIBRARIES = YES;
				CODE_SIGN_STYLE = Automatic;
				DEVELOPMENT_TEAM = V7GM8G5V55;
				INFOPLIST_FILE = QuizzlerUITests/Info.plist;
				LD_RUNPATH_SEARCH_PATHS = (
					"$(inherited)",
					"@executable_path/Frameworks",
					"@loader_path/Frameworks",
				);
				PRODUCT_BUNDLE_IDENTIFIER = com.joaovictoripiraja.QuizzlerUITests;
				PRODUCT_NAME = "$(TARGET_NAME)";
				SWIFT_VERSION = 5.0;
				TARGETED_DEVICE_FAMILY = "1,2";
				TEST_TARGET_NAME = Quizzler;
			};
			name = Release;
		};
/* End XCBuildConfiguration section */

/* Begin XCConfigurationList section */
		4E192F48259135510058F2F5 /* Build configuration list for PBXProject "Quizzler" */ = {
			isa = XCConfigurationList;
			buildConfigurations = (
				4E192F75259135590058F2F5 /* Debug */,
				4E192F76259135590058F2F5 /* Release */,
			);
			defaultConfigurationIsVisible = 0;
			defaultConfigurationName = Release;
		};
		4E192F77259135590058F2F5 /* Build configuration list for PBXNativeTarget "Quizzler" */ = {
			isa = XCConfigurationList;
			buildConfigurations = (
				4E192F78259135590058F2F5 /* Debug */,
				4E192F79259135590058F2F5 /* Release */,
			);
			defaultConfigurationIsVisible = 0;
			defaultConfigurationName = Release;
		};
		4E192F7A259135590058F2F5 /* Build configuration list for PBXNativeTarget "QuizzlerTests" */ = {
			isa = XCConfigurationList;
			buildConfigurations = (
				4E192F7B259135590058F2F5 /* Debug */,
				4E192F7C259135590058F2F5 /* Release */,
			);
			defaultConfigurationIsVisible = 0;
			defaultConfigurationName = Release;
		};
		4E192F7D259135590058F2F5 /* Build configuration list for PBXNativeTarget "QuizzlerUITests" */ = {
			isa = XCConfigurationList;
			buildConfigurations = (
				4E192F7E259135590058F2F5 /* Debug */,
				4E192F7F259135590058F2F5 /* Release */,
			);
			defaultConfigurationIsVisible = 0;
			defaultConfigurationName = Release;
		};
/* End XCConfigurationList section */
	};
	rootObject = 4E192F45259135510058F2F5 /* Project object */;
}
